
Microsoft Visual Studio Solution File, Format Version 12.00
# Visual Studio Version 16
VisualStudioVersion = 16.0.31729.503
MinimumVisualStudioVersion = 10.0.40219.1
Project("{2150E333-8FDC-42A3-9474-1A3956D46DE8}") = "src", "src", "{D25DDA17-6CF9-4577-AF63-0790BAA16FBD}"
EndProject
Project("{2150E333-8FDC-42A3-9474-1A3956D46DE8}") = "test", "test", "{AE59609B-351B-4678-9D40-EC845D6CDD14}"
EndProject
Project("{FAE04EC0-301F-11D3-BF4B-00C04F79EFBC}") = "HB.ProjectMars.Core", "HB.ProjectMars.Core\HB.ProjectMars.Core.csproj", "{86FE0864-DC30-4276-AB58-5BC772F8139D}"
EndProject
Project("{FAE04EC0-301F-11D3-BF4B-00C04F79EFBC}") = "HB.ProjectMars.Test", "HB.ProjectMars.Test\HB.ProjectMars.Test.csproj", "{63032C71-7B92-4CC8-A241-91D4D8FDB993}"
EndProject
Project("{FAE04EC0-301F-11D3-BF4B-00C04F79EFBC}") = "HB.ProjectMars.Business", "HB.ProjectMars.Business\HB.ProjectMars.Business.csproj", "{D30487B1-4F69-4C45-808C-DCEFD236BFF1}"
EndProject
Project("{FAE04EC0-301F-11D3-BF4B-00C04F79EFBC}") = "HB.ProjectMars.Console", "HB.ProjectMars.Console\HB.ProjectMars.Console.csproj", "{7287F8FB-59CE-4885-A180-6D85692AAC7F}"
EndProject
Global
	GlobalSection(SolutionConfigurationPlatforms) = preSolution
		Debug|Any CPU = Debug|Any CPU
		Release|Any CPU = Release|Any CPU
	EndGlobalSection
	GlobalSection(ProjectConfigurationPlatforms) = postSolution
		{86FE0864-DC30-4276-AB58-5BC772F8139D}.Debug|Any CPU.ActiveCfg = Debug|Any CPU
		{86FE0864-DC30-4276-AB58-5BC772F8139D}.Debug|Any CPU.Build.0 = Debug|Any CPU
		{86FE0864-DC30-4276-AB58-5BC772F8139D}.Release|Any CPU.ActiveCfg = Release|Any CPU
		{86FE0864-DC30-4276-AB58-5BC772F8139D}.Release|Any CPU.Build.0 = Release|Any CPU
		{63032C71-7B92-4CC8-A241-91D4D8FDB993}.Debug|Any CPU.ActiveCfg = Debug|Any CPU
		{63032C71-7B92-4CC8-A241-91D4D8FDB993}.Debug|Any CPU.Build.0 = Debug|Any CPU
		{63032C71-7B92-4CC8-A241-91D4D8FDB993}.Release|Any CPU.ActiveCfg = Release|Any CPU
		{63032C71-7B92-4CC8-A241-91D4D8FDB993}.Release|Any CPU.Build.0 = Release|Any CPU
		{D30487B1-4F69-4C45-808C-DCEFD236BFF1}.Debug|Any CPU.ActiveCfg = Debug|Any CPU
		{D30487B1-4F69-4C45-808C-DCEFD236BFF1}.Debug|Any CPU.Build.0 = Debug|Any CPU
		{D30487B1-4F69-4C45-808C-DCEFD236BFF1}.Release|Any CPU.ActiveCfg = Release|Any CPU
		{D30487B1-4F69-4C45-808C-DCEFD236BFF1}.Release|Any CPU.Build.0 = Release|Any CPU
		{7287F8FB-59CE-4885-A180-6D85692AAC7F}.Debug|Any CPU.ActiveCfg = Debug|Any CPU
		{7287F8FB-59CE-4885-A180-6D85692AAC7F}.Debug|Any CPU.Build.0 = Debug|Any CPU
		{7287F8FB-59CE-4885-A180-6D85692AAC7F}.Release|Any CPU.ActiveCfg = Release|Any CPU
		{7287F8FB-59CE-4885-A180-6D85692AAC7F}.Release|Any CPU.Build.0 = Release|Any CPU
	EndGlobalSection
	GlobalSection(SolutionProperties) = preSolution
		HideSolutionNode = FALSE
	EndGlobalSection
	GlobalSection(NestedProjects) = preSolution
		{86FE0864-DC30-4276-AB58-5BC772F8139D} = {D25DDA17-6CF9-4577-AF63-0790BAA16FBD}
		{63032C71-7B92-4CC8-A241-91D4D8FDB993} = {AE59609B-351B-4678-9D40-EC845D6CDD14}
		{D30487B1-4F69-4C45-808C-DCEFD236BFF1} = {D25DDA17-6CF9-4577-AF63-0790BAA16FBD}
		{7287F8FB-59CE-4885-A180-6D85692AAC7F} = {D25DDA17-6CF9-4577-AF63-0790BAA16FBD}
	EndGlobalSection
	GlobalSection(ExtensibilityGlobals) = postSolution
		SolutionGuid = {C9726152-95E2-49D7-ACC2-B113B4F27E85}
	EndGlobalSection
EndGlobal
